
Microsoft Visual Studio Solution File, Format Version 12.00
# Visual Studio Version 17
VisualStudioVersion = 17.5.33414.496
MinimumVisualStudioVersion = 10.0.40219.1
Project("{9A19103F-16F7-4668-BE54-9A1E7A4F7556}") = "background-job-queue", "background-job-queue\background-job-queue.csproj", "{F7BA8983-30D7-4863-8651-5BC57374B666}"
EndProject
Project("{9A19103F-16F7-4668-BE54-9A1E7A4F7556}") = "background-job-queue-web", "background-job-web\background-job-queue-web.csproj", "{E0CA4DDB-A7A4-471B-B636-A50393E5298A}"
EndProject
Global
	GlobalSection(SolutionConfigurationPlatforms) = preSolution
		Debug|Any CPU = Debug|Any CPU
		Release|Any CPU = Release|Any CPU
	EndGlobalSection
	GlobalSection(ProjectConfigurationPlatforms) = postSolution
		{F7BA8983-30D7-4863-8651-5BC57374B666}.Debug|Any CPU.ActiveCfg = Debug|Any CPU
		{F7BA8983-30D7-4863-8651-5BC57374B666}.Debug|Any CPU.Build.0 = Debug|Any CPU
		{F7BA8983-30D7-4863-8651-5BC57374B666}.Release|Any CPU.ActiveCfg = Release|Any CPU
		{F7BA8983-30D7-4863-8651-5BC57374B666}.Release|Any CPU.Build.0 = Release|Any CPU
		{E0CA4DDB-A7A4-471B-B636-A50393E5298A}.Debug|Any CPU.ActiveCfg = Debug|Any CPU
		{E0CA4DDB-A7A4-471B-B636-A50393E5298A}.Debug|Any CPU.Build.0 = Debug|Any CPU
		{E0CA4DDB-A7A4-471B-B636-A50393E5298A}.Release|Any CPU.ActiveCfg = Release|Any CPU
		{E0CA4DDB-A7A4-471B-B636-A50393E5298A}.Release|Any CPU.Build.0 = Release|Any CPU
	EndGlobalSection
	GlobalSection(SolutionProperties) = preSolution
		HideSolutionNode = FALSE
	EndGlobalSection
	GlobalSection(ExtensibilityGlobals) = postSolution
		SolutionGuid = {9204AC72-C35D-4D65-9E18-7A62C0BD57E8}
	EndGlobalSection
EndGlobal
