
Microsoft Visual Studio Solution File, Format Version 12.00
# Visual Studio Version 17
VisualStudioVersion = 17.5.33414.496
MinimumVisualStudioVersion = 10.0.40219.1
Project("{FAE04EC0-301F-11D3-BF4B-00C04F79EFBC}") = "background-job-queue", "background-job-queue.csproj", "{2C9F66C6-5AF5-43B3-A621-90C224342FF6}"
EndProject
Project("{FAE04EC0-301F-11D3-BF4B-00C04F79EFBC}") = "background-job-queue-web", "..\teste-background-job-web\background-job-queue-web.csproj", "{56399B76-1916-427E-9736-DE1D828CF2CB}"
EndProject
Global
	GlobalSection(SolutionConfigurationPlatforms) = preSolution
		Debug|Any CPU = Debug|Any CPU
		Release|Any CPU = Release|Any CPU
	EndGlobalSection
	GlobalSection(ProjectConfigurationPlatforms) = postSolution
		{2C9F66C6-5AF5-43B3-A621-90C224342FF6}.Debug|Any CPU.ActiveCfg = Debug|Any CPU
		{2C9F66C6-5AF5-43B3-A621-90C224342FF6}.Debug|Any CPU.Build.0 = Debug|Any CPU
		{2C9F66C6-5AF5-43B3-A621-90C224342FF6}.Release|Any CPU.ActiveCfg = Release|Any CPU
		{2C9F66C6-5AF5-43B3-A621-90C224342FF6}.Release|Any CPU.Build.0 = Release|Any CPU
		{56399B76-1916-427E-9736-DE1D828CF2CB}.Debug|Any CPU.ActiveCfg = Debug|Any CPU
		{56399B76-1916-427E-9736-DE1D828CF2CB}.Debug|Any CPU.Build.0 = Debug|Any CPU
		{56399B76-1916-427E-9736-DE1D828CF2CB}.Release|Any CPU.ActiveCfg = Release|Any CPU
		{56399B76-1916-427E-9736-DE1D828CF2CB}.Release|Any CPU.Build.0 = Release|Any CPU
	EndGlobalSection
	GlobalSection(SolutionProperties) = preSolution
		HideSolutionNode = FALSE
	EndGlobalSection
	GlobalSection(ExtensibilityGlobals) = postSolution
		SolutionGuid = {9204AC72-C35D-4D65-9E18-7A62C0BD57E8}
	EndGlobalSection
EndGlobal
